<?xml version="1.0" encoding="utf-8"?>
<Project ToolsVersion="4.0" xmlns="http://schemas.microsoft.com/developer/msbuild/2003">
  <ItemGroup>
    <Filter Include="App">
      <UniqueIdentifier>{1a5d0a34-6c2a-4ace-8407-921387da71d8}</UniqueIdentifier>
    </Filter>
    <Filter Include="Tools">
      <UniqueIdentifier>{12199006-1ba1-4532-8d8a-96b1f5ce744d}</UniqueIdentifier>
    </Filter>
    <Filter Include="Modules">
      <UniqueIdentifier>{c5cc856a-8f60-4c8b-9f41-2c9ad4b8abee}</UniqueIdentifier>
    </Filter>
    <Filter Include="Modules\Window">
      <UniqueIdentifier>{f6e22b37-55cc-483f-b9d2-252dc64910c9}</UniqueIdentifier>
    </Filter>
    <Filter Include="Modules\Render">
      <UniqueIdentifier>{25ffce28-66bd-4bdd-8f07-d70a324c8c84}</UniqueIdentifier>
    </Filter>
  </ItemGroup>
  <ItemGroup>
    <ClCompile Include="Main.cpp">
      <Filter>App</Filter>
    </ClCompile>
    <ClCompile Include="App.cpp">
      <Filter>App</Filter>
    </ClCompile>
    <ClCompile Include="CModuleWindow.cpp">
      <Filter>Modules\Window</Filter>
    </ClCompile>
    <ClCompile Include="CModule.cpp">
      <Filter>Modules</Filter>
    </ClCompile>
    <ClCompile Include="CModuleRender.cpp">
      <Filter>Modules\Render</Filter>
    </ClCompile>
  </ItemGroup>
  <ItemGroup>
    <ClInclude Include="App.h">
      <Filter>App</Filter>
    </ClInclude>
    <ClInclude Include="Globals.h">
      <Filter>Tools</Filter>
    </ClInclude>
    <ClInclude Include="CModuleWindow.h">
      <Filter>Modules\Window</Filter>
    </ClInclude>
    <ClInclude Include="CModule.h">
      <Filter>Modules</Filter>
    </ClInclude>
    <ClInclude Include="CModuleRender.h">
      <Filter>Modules\Render</Filter>
    </ClInclude>
  </ItemGroup>
</Project>